
Microsoft Visual Studio Solution File, Format Version 12.00
# Visual Studio Version 16
VisualStudioVersion = 16.0.30611.23
MinimumVisualStudioVersion = 10.0.40219.1
Project("{FAE04EC0-301F-11D3-BF4B-00C04F79EFBC}") = "Life Organizer", "Life Organizer\Life Organizer.csproj", "{88504366-82D0-4861-BCA4-72C372F1EE20}"
EndProject
Global
	GlobalSection(SolutionConfigurationPlatforms) = preSolution
		Debug|Any CPU = Debug|Any CPU
		Release|Any CPU = Release|Any CPU
	EndGlobalSection
	GlobalSection(ProjectConfigurationPlatforms) = postSolution
		{88504366-82D0-4861-BCA4-72C372F1EE20}.Debug|Any CPU.ActiveCfg = Debug|Any CPU
		{88504366-82D0-4861-BCA4-72C372F1EE20}.Debug|Any CPU.Build.0 = Debug|Any CPU
		{88504366-82D0-4861-BCA4-72C372F1EE20}.Release|Any CPU.ActiveCfg = Release|Any CPU
		{88504366-82D0-4861-BCA4-72C372F1EE20}.Release|Any CPU.Build.0 = Release|Any CPU
	EndGlobalSection
	GlobalSection(SolutionProperties) = preSolution
		HideSolutionNode = FALSE
	EndGlobalSection
	GlobalSection(ExtensibilityGlobals) = postSolution
		SolutionGuid = {843A3EE9-DE73-4C24-9233-709493D1C880}
	EndGlobalSection
EndGlobal
